
Microsoft Visual Studio Solution File, Format Version 12.00
# Visual Studio Version 17
VisualStudioVersion = 17.8.34525.116
MinimumVisualStudioVersion = 10.0.40219.1
Project("{FAE04EC0-301F-11D3-BF4B-00C04F79EFBC}") = "Lista_1_ex_5", "Lista_1_ex_5\Lista_1_ex_5.csproj", "{D4BD8BC9-AB26-4CD7-94BC-2F77FA236E56}"
EndProject
Global
	GlobalSection(SolutionConfigurationPlatforms) = preSolution
		Debug|Any CPU = Debug|Any CPU
		Release|Any CPU = Release|Any CPU
	EndGlobalSection
	GlobalSection(ProjectConfigurationPlatforms) = postSolution
		{D4BD8BC9-AB26-4CD7-94BC-2F77FA236E56}.Debug|Any CPU.ActiveCfg = Debug|Any CPU
		{D4BD8BC9-AB26-4CD7-94BC-2F77FA236E56}.Debug|Any CPU.Build.0 = Debug|Any CPU
		{D4BD8BC9-AB26-4CD7-94BC-2F77FA236E56}.Release|Any CPU.ActiveCfg = Release|Any CPU
		{D4BD8BC9-AB26-4CD7-94BC-2F77FA236E56}.Release|Any CPU.Build.0 = Release|Any CPU
	EndGlobalSection
	GlobalSection(SolutionProperties) = preSolution
		HideSolutionNode = FALSE
	EndGlobalSection
	GlobalSection(ExtensibilityGlobals) = postSolution
		SolutionGuid = {197E7650-1519-413C-9CC5-FB82C2513BAA}
	EndGlobalSection
EndGlobal
